
Microsoft Visual Studio Solution File, Format Version 12.00
# Visual Studio Version 17
VisualStudioVersion = 17.2.32519.379
MinimumVisualStudioVersion = 10.0.40219.1
Project("{2150E333-8FDC-42A3-9474-1A3956D46DE8}") = "Microservices", "Microservices", "{F6DFA189-72FD-40F6-9E3A-1A1B218ED40E}"
EndProject
Project("{9A19103F-16F7-4668-BE54-9A1E7A4F7556}") = "Construction", "Construction.Microservice\Construction.csproj", "{2A502194-C6E4-4178-85DB-D2F7BBFA126C}"
EndProject
Project("{9A19103F-16F7-4668-BE54-9A1E7A4F7556}") = "Gateway", "Gateway.WebApi\Gateway.csproj", "{CC45020B-E889-4098-A1DA-12BBA475A1DC}"
EndProject
Project("{2150E333-8FDC-42A3-9474-1A3956D46DE8}") = "Gateway", "Gateway", "{F5E6074A-6C12-4C53-8B49-12056A9F56EF}"
EndProject
Project("{9A19103F-16F7-4668-BE54-9A1E7A4F7556}") = "Payment", "Payment\Payment.csproj", "{97828D5A-332A-4CAE-9F11-608C9C2E81CE}"
EndProject
Project("{9A19103F-16F7-4668-BE54-9A1E7A4F7556}") = "UserAccount", "UserAccount\UserAccount.csproj", "{916EE979-52F6-442A-9885-EBB228AE62FB}"
EndProject
Project("{9A19103F-16F7-4668-BE54-9A1E7A4F7556}") = "Notification", "Notification\Notification.csproj", "{3FE8C27F-1ABC-489C-A7C3-B7B7DC5C3A94}"
EndProject
Project("{9A19103F-16F7-4668-BE54-9A1E7A4F7556}") = "ApplicationForm", "ApplicationForm\ApplicationForm.csproj", "{E49EAD15-1882-4CF9-B345-219789B09964}"
EndProject
Project("{9A19103F-16F7-4668-BE54-9A1E7A4F7556}") = "Contractor", "Contractor\Contractor.csproj", "{57A67F34-952C-4B7E-B59F-1DED3973E3E6}"
EndProject
Project("{9A19103F-16F7-4668-BE54-9A1E7A4F7556}") = "RabbitMQ", "RappitMQ\RabbitMQ.csproj", "{2C4CD2F4-AEAC-4B90-8CCB-482858FAA923}"
EndProject
Project("{2150E333-8FDC-42A3-9474-1A3956D46DE8}") = "RabbitMQ", "RabbitMQ", "{8CBB21BB-182F-4E58-81BC-192EB5B2D8C0}"
EndProject
Project("{9A19103F-16F7-4668-BE54-9A1E7A4F7556}") = "RabbitMQEnhanced", "RabbitMQEnhanced\RabbitMQEnhanced.csproj", "{C2083868-393C-4E3E-B6D2-068056261704}"
EndProject
Global
	GlobalSection(SolutionConfigurationPlatforms) = preSolution
		Debug|Any CPU = Debug|Any CPU
		Release|Any CPU = Release|Any CPU
	EndGlobalSection
	GlobalSection(ProjectConfigurationPlatforms) = postSolution
		{2A502194-C6E4-4178-85DB-D2F7BBFA126C}.Debug|Any CPU.ActiveCfg = Debug|Any CPU
		{2A502194-C6E4-4178-85DB-D2F7BBFA126C}.Debug|Any CPU.Build.0 = Debug|Any CPU
		{2A502194-C6E4-4178-85DB-D2F7BBFA126C}.Release|Any CPU.ActiveCfg = Release|Any CPU
		{2A502194-C6E4-4178-85DB-D2F7BBFA126C}.Release|Any CPU.Build.0 = Release|Any CPU
		{CC45020B-E889-4098-A1DA-12BBA475A1DC}.Debug|Any CPU.ActiveCfg = Debug|Any CPU
		{CC45020B-E889-4098-A1DA-12BBA475A1DC}.Debug|Any CPU.Build.0 = Debug|Any CPU
		{CC45020B-E889-4098-A1DA-12BBA475A1DC}.Release|Any CPU.ActiveCfg = Release|Any CPU
		{CC45020B-E889-4098-A1DA-12BBA475A1DC}.Release|Any CPU.Build.0 = Release|Any CPU
		{97828D5A-332A-4CAE-9F11-608C9C2E81CE}.Debug|Any CPU.ActiveCfg = Debug|Any CPU
		{97828D5A-332A-4CAE-9F11-608C9C2E81CE}.Debug|Any CPU.Build.0 = Debug|Any CPU
		{97828D5A-332A-4CAE-9F11-608C9C2E81CE}.Release|Any CPU.ActiveCfg = Release|Any CPU
		{97828D5A-332A-4CAE-9F11-608C9C2E81CE}.Release|Any CPU.Build.0 = Release|Any CPU
		{916EE979-52F6-442A-9885-EBB228AE62FB}.Debug|Any CPU.ActiveCfg = Debug|Any CPU
		{916EE979-52F6-442A-9885-EBB228AE62FB}.Debug|Any CPU.Build.0 = Debug|Any CPU
		{916EE979-52F6-442A-9885-EBB228AE62FB}.Release|Any CPU.ActiveCfg = Release|Any CPU
		{916EE979-52F6-442A-9885-EBB228AE62FB}.Release|Any CPU.Build.0 = Release|Any CPU
		{3FE8C27F-1ABC-489C-A7C3-B7B7DC5C3A94}.Debug|Any CPU.ActiveCfg = Debug|Any CPU
		{3FE8C27F-1ABC-489C-A7C3-B7B7DC5C3A94}.Debug|Any CPU.Build.0 = Debug|Any CPU
		{3FE8C27F-1ABC-489C-A7C3-B7B7DC5C3A94}.Release|Any CPU.ActiveCfg = Release|Any CPU
		{3FE8C27F-1ABC-489C-A7C3-B7B7DC5C3A94}.Release|Any CPU.Build.0 = Release|Any CPU
		{E49EAD15-1882-4CF9-B345-219789B09964}.Debug|Any CPU.ActiveCfg = Debug|Any CPU
		{E49EAD15-1882-4CF9-B345-219789B09964}.Debug|Any CPU.Build.0 = Debug|Any CPU
		{E49EAD15-1882-4CF9-B345-219789B09964}.Release|Any CPU.ActiveCfg = Release|Any CPU
		{E49EAD15-1882-4CF9-B345-219789B09964}.Release|Any CPU.Build.0 = Release|Any CPU
		{57A67F34-952C-4B7E-B59F-1DED3973E3E6}.Debug|Any CPU.ActiveCfg = Debug|Any CPU
		{57A67F34-952C-4B7E-B59F-1DED3973E3E6}.Debug|Any CPU.Build.0 = Debug|Any CPU
		{57A67F34-952C-4B7E-B59F-1DED3973E3E6}.Release|Any CPU.ActiveCfg = Release|Any CPU
		{57A67F34-952C-4B7E-B59F-1DED3973E3E6}.Release|Any CPU.Build.0 = Release|Any CPU
		{2C4CD2F4-AEAC-4B90-8CCB-482858FAA923}.Debug|Any CPU.ActiveCfg = Debug|Any CPU
		{2C4CD2F4-AEAC-4B90-8CCB-482858FAA923}.Debug|Any CPU.Build.0 = Debug|Any CPU
		{2C4CD2F4-AEAC-4B90-8CCB-482858FAA923}.Release|Any CPU.ActiveCfg = Release|Any CPU
		{2C4CD2F4-AEAC-4B90-8CCB-482858FAA923}.Release|Any CPU.Build.0 = Release|Any CPU
		{C2083868-393C-4E3E-B6D2-068056261704}.Debug|Any CPU.ActiveCfg = Debug|Any CPU
		{C2083868-393C-4E3E-B6D2-068056261704}.Debug|Any CPU.Build.0 = Debug|Any CPU
		{C2083868-393C-4E3E-B6D2-068056261704}.Release|Any CPU.ActiveCfg = Release|Any CPU
		{C2083868-393C-4E3E-B6D2-068056261704}.Release|Any CPU.Build.0 = Release|Any CPU
	EndGlobalSection
	GlobalSection(SolutionProperties) = preSolution
		HideSolutionNode = FALSE
	EndGlobalSection
	GlobalSection(NestedProjects) = preSolution
		{2A502194-C6E4-4178-85DB-D2F7BBFA126C} = {F6DFA189-72FD-40F6-9E3A-1A1B218ED40E}
		{CC45020B-E889-4098-A1DA-12BBA475A1DC} = {F5E6074A-6C12-4C53-8B49-12056A9F56EF}
		{97828D5A-332A-4CAE-9F11-608C9C2E81CE} = {F6DFA189-72FD-40F6-9E3A-1A1B218ED40E}
		{916EE979-52F6-442A-9885-EBB228AE62FB} = {F6DFA189-72FD-40F6-9E3A-1A1B218ED40E}
		{3FE8C27F-1ABC-489C-A7C3-B7B7DC5C3A94} = {F6DFA189-72FD-40F6-9E3A-1A1B218ED40E}
		{E49EAD15-1882-4CF9-B345-219789B09964} = {F6DFA189-72FD-40F6-9E3A-1A1B218ED40E}
		{57A67F34-952C-4B7E-B59F-1DED3973E3E6} = {F6DFA189-72FD-40F6-9E3A-1A1B218ED40E}
		{2C4CD2F4-AEAC-4B90-8CCB-482858FAA923} = {8CBB21BB-182F-4E58-81BC-192EB5B2D8C0}
		{C2083868-393C-4E3E-B6D2-068056261704} = {8CBB21BB-182F-4E58-81BC-192EB5B2D8C0}
	EndGlobalSection
	GlobalSection(ExtensibilityGlobals) = postSolution
		SolutionGuid = {0EC8CA56-B66A-46E8-97E8-F76B526AC478}
	EndGlobalSection
EndGlobal
